// !$*UTF8*$!
{
	archiveVersion = 1;
	classes = {
	};
	objectVersion = 50;
	objects = {

/* Begin PBXBuildFile section */
		1A939E1ADBE01FE5063F41F2 /* Pods_card_reader.framework in Frameworks */ = {isa = PBXBuildFile; fileRef = 955D236835BFA7F9A5FCD1DA /* Pods_card_reader.framework */; };
		2B5341BB2205269100568F33 /* AppDelegate.swift in Sources */ = {isa = PBXBuildFile; fileRef = 2B5341BA2205269100568F33 /* AppDelegate.swift */; };
		2B5341BD2205269100568F33 /* ViewController.swift in Sources */ = {isa = PBXBuildFile; fileRef = 2B5341BC2205269100568F33 /* ViewController.swift */; };
		2B5341C02205269100568F33 /* Main.storyboard in Resources */ = {isa = PBXBuildFile; fileRef = 2B5341BE2205269100568F33 /* Main.storyboard */; };
		2B5341C22205269600568F33 /* Assets.xcassets in Resources */ = {isa = PBXBuildFile; fileRef = 2B5341C12205269600568F33 /* Assets.xcassets */; };
		2B5341C52205269600568F33 /* LaunchScreen.storyboard in Resources */ = {isa = PBXBuildFile; fileRef = 2B5341C32205269600568F33 /* LaunchScreen.storyboard */; };
		2B5341CD22053E0200568F33 /* card-info.sks in Resources */ = {isa = PBXBuildFile; fileRef = 2B5341CC22053E0200568F33 /* card-info.sks */; };
		2BB116BE220BAEC500FCB3EC /* GoogleService-Info.plist in Resources */ = {isa = PBXBuildFile; fileRef = 2BB116BD220BAEC500FCB3EC /* GoogleService-Info.plist */; };
/* End PBXBuildFile section */

/* Begin PBXFileReference section */
		2B5341B72205269100568F33 /* card-reader.app */ = {isa = PBXFileReference; explicitFileType = wrapper.application; includeInIndex = 0; path = "card-reader.app"; sourceTree = BUILT_PRODUCTS_DIR; };
		2B5341BA2205269100568F33 /* AppDelegate.swift */ = {isa = PBXFileReference; lastKnownFileType = sourcecode.swift; path = AppDelegate.swift; sourceTree = "<group>"; };
		2B5341BC2205269100568F33 /* ViewController.swift */ = {isa = PBXFileReference; lastKnownFileType = sourcecode.swift; path = ViewController.swift; sourceTree = "<group>"; };
		2B5341BF2205269100568F33 /* Base */ = {isa = PBXFileReference; lastKnownFileType = file.storyboard; name = Base; path = Base.lproj/Main.storyboard; sourceTree = "<group>"; };
		2B5341C12205269600568F33 /* Assets.xcassets */ = {isa = PBXFileReference; lastKnownFileType = folder.assetcatalog; path = Assets.xcassets; sourceTree = "<group>"; };
		2B5341C42205269600568F33 /* Base */ = {isa = PBXFileReference; lastKnownFileType = file.storyboard; name = Base; path = Base.lproj/LaunchScreen.storyboard; sourceTree = "<group>"; };
		2B5341C62205269600568F33 /* Info.plist */ = {isa = PBXFileReference; lastKnownFileType = text.plist.xml; path = Info.plist; sourceTree = "<group>"; };
		2B5341CC22053E0200568F33 /* card-info.sks */ = {isa = PBXFileReference; lastKnownFileType = file.sks; path = "card-info.sks"; sourceTree = "<group>"; };
		2BB116BD220BAEC500FCB3EC /* GoogleService-Info.plist */ = {isa = PBXFileReference; fileEncoding = 4; lastKnownFileType = text.plist.xml; path = "GoogleService-Info.plist"; sourceTree = "<group>"; };
		73D2DDE0C3B741B55E8756D7 /* Pods-card-reader.release.xcconfig */ = {isa = PBXFileReference; includeInIndex = 1; lastKnownFileType = text.xcconfig; name = "Pods-card-reader.release.xcconfig"; path = "Pods/Target Support Files/Pods-card-reader/Pods-card-reader.release.xcconfig"; sourceTree = "<group>"; };
		955D236835BFA7F9A5FCD1DA /* Pods_card_reader.framework */ = {isa = PBXFileReference; explicitFileType = wrapper.framework; includeInIndex = 0; path = Pods_card_reader.framework; sourceTree = BUILT_PRODUCTS_DIR; };
		EADD81B730C4FCEA59D3F43D /* Pods-card-reader.debug.xcconfig */ = {isa = PBXFileReference; includeInIndex = 1; lastKnownFileType = text.xcconfig; name = "Pods-card-reader.debug.xcconfig"; path = "Pods/Target Support Files/Pods-card-reader/Pods-card-reader.debug.xcconfig"; sourceTree = "<group>"; };
/* End PBXFileReference section */

/* Begin PBXFrameworksBuildPhase section */
		2B5341B42205269100568F33 /* Frameworks */ = {
			isa = PBXFrameworksBuildPhase;
			buildActionMask = 2147483647;
			files = (
				1A939E1ADBE01FE5063F41F2 /* Pods_card_reader.framework in Frameworks */,
			);
			runOnlyForDeploymentPostprocessing = 0;
		};
/* End PBXFrameworksBuildPhase section */

/* Begin PBXGroup section */
		2B5341AE2205269100568F33 = {
			isa = PBXGroup;
			children = (
				2B5341B92205269100568F33 /* card-reader */,
				2B5341B82205269100568F33 /* Products */,
				BE5B4BC018B77B5007DF5E95 /* Pods */,
				604308D17F9D537B44748B36 /* Frameworks */,
			);
			sourceTree = "<group>";
		};
		2B5341B82205269100568F33 /* Products */ = {
			isa = PBXGroup;
			children = (
				2B5341B72205269100568F33 /* card-reader.app */,
			);
			name = Products;
			sourceTree = "<group>";
		};
		2B5341B92205269100568F33 /* card-reader */ = {
			isa = PBXGroup;
			children = (
				2B5341BA2205269100568F33 /* AppDelegate.swift */,
				2B5341BC2205269100568F33 /* ViewController.swift */,
				2B5341BE2205269100568F33 /* Main.storyboard */,
				2B5341CC22053E0200568F33 /* card-info.sks */,
				2B5341C12205269600568F33 /* Assets.xcassets */,
				2B5341C32205269600568F33 /* LaunchScreen.storyboard */,
				2B5341C62205269600568F33 /* Info.plist */,
				2BB116BD220BAEC500FCB3EC /* GoogleService-Info.plist */,
			);
			path = "card-reader";
			sourceTree = "<group>";
		};
		604308D17F9D537B44748B36 /* Frameworks */ = {
			isa = PBXGroup;
			children = (
				955D236835BFA7F9A5FCD1DA /* Pods_card_reader.framework */,
			);
			name = Frameworks;
			sourceTree = "<group>";
		};
		BE5B4BC018B77B5007DF5E95 /* Pods */ = {
			isa = PBXGroup;
			children = (
				EADD81B730C4FCEA59D3F43D /* Pods-card-reader.debug.xcconfig */,
				73D2DDE0C3B741B55E8756D7 /* Pods-card-reader.release.xcconfig */,
			);
			name = Pods;
			sourceTree = "<group>";
		};
/* End PBXGroup section */

/* Begin PBXNativeTarget section */
		2B5341B62205269100568F33 /* card-reader */ = {
			isa = PBXNativeTarget;
			buildConfigurationList = 2B5341C92205269600568F33 /* Build configuration list for PBXNativeTarget "card-reader" */;
			buildPhases = (
				4F7C2DC6B602022D4616B30B /* [CP] Check Pods Manifest.lock */,
				2B5341B32205269100568F33 /* Sources */,
				2B5341B42205269100568F33 /* Frameworks */,
				2B5341B52205269100568F33 /* Resources */,
				BC683B331E39D55574EFE3C7 /* [CP] Embed Pods Frameworks */,
				B401DC46474C4F0C7B355B91 /* [CP] Copy Pods Resources */,
			);
			buildRules = (
			);
			dependencies = (
			);
			name = "card-reader";
			productName = "card-reader";
			productReference = 2B5341B72205269100568F33 /* card-reader.app */;
			productType = "com.apple.product-type.application";
		};
/* End PBXNativeTarget section */

/* Begin PBXProject section */
		2B5341AF2205269100568F33 /* Project object */ = {
			isa = PBXProject;
			attributes = {
				LastSwiftUpdateCheck = 1010;
				LastUpgradeCheck = 1010;
				ORGANIZATIONNAME = Edward;
				TargetAttributes = {
					2B5341B62205269100568F33 = {
						CreatedOnToolsVersion = 10.1;
					};
				};
			};
			buildConfigurationList = 2B5341B22205269100568F33 /* Build configuration list for PBXProject "card-reader" */;
			compatibilityVersion = "Xcode 9.3";
			developmentRegion = en;
			hasScannedForEncodings = 0;
			knownRegions = (
				en,
				Base,
			);
			mainGroup = 2B5341AE2205269100568F33;
			productRefGroup = 2B5341B82205269100568F33 /* Products */;
			projectDirPath = "";
			projectRoot = "";
			targets = (
				2B5341B62205269100568F33 /* card-reader */,
			);
		};
/* End PBXProject section */

/* Begin PBXResourcesBuildPhase section */
		2B5341B52205269100568F33 /* Resources */ = {
			isa = PBXResourcesBuildPhase;
			buildActionMask = 2147483647;
			files = (
				2B5341C52205269600568F33 /* LaunchScreen.storyboard in Resources */,
				2B5341C22205269600568F33 /* Assets.xcassets in Resources */,
				2BB116BE220BAEC500FCB3EC /* GoogleService-Info.plist in Resources */,
				2B5341C02205269100568F33 /* Main.storyboard in Resources */,
				2B5341CD22053E0200568F33 /* card-info.sks in Resources */,
			);
			runOnlyForDeploymentPostprocessing = 0;
		};
/* End PBXResourcesBuildPhase section */

/* Begin PBXShellScriptBuildPhase section */
		4F7C2DC6B602022D4616B30B /* [CP] Check Pods Manifest.lock */ = {
			isa = PBXShellScriptBuildPhase;
			buildActionMask = 2147483647;
			files = (
			);
			inputFileListPaths = (
			);
			inputPaths = (
				"${PODS_PODFILE_DIR_PATH}/Podfile.lock",
				"${PODS_ROOT}/Manifest.lock",
			);
			name = "[CP] Check Pods Manifest.lock";
			outputFileListPaths = (
			);
			outputPaths = (
				"$(DERIVED_FILE_DIR)/Pods-card-reader-checkManifestLockResult.txt",
			);
			runOnlyForDeploymentPostprocessing = 0;
			shellPath = /bin/sh;
			shellScript = "diff \"${PODS_PODFILE_DIR_PATH}/Podfile.lock\" \"${PODS_ROOT}/Manifest.lock\" > /dev/null\nif [ $? != 0 ] ; then\n    # print error to STDERR\n    echo \"error: The sandbox is not in sync with the Podfile.lock. Run 'pod install' or update your CocoaPods installation.\" >&2\n    exit 1\nfi\n# This output is used by Xcode 'outputs' to avoid re-running this script phase.\necho \"SUCCESS\" > \"${SCRIPT_OUTPUT_FILE_0}\"\n";
			showEnvVarsInLog = 0;
		};
		B401DC46474C4F0C7B355B91 /* [CP] Copy Pods Resources */ = {
			isa = PBXShellScriptBuildPhase;
			buildActionMask = 2147483647;
			files = (
			);
			inputFileListPaths = (
			);
			inputPaths = (
				"${SRCROOT}/Pods/Target Support Files/Pods-card-reader/Pods-card-reader-resources.sh",
				"${PODS_CONFIGURATION_BUILD_DIR}/GoogleMobileVision/GoogleMVTextDetectorResources.bundle",
			);
			name = "[CP] Copy Pods Resources";
			outputFileListPaths = (
			);
			outputPaths = (
				"${TARGET_BUILD_DIR}/${UNLOCALIZED_RESOURCES_FOLDER_PATH}/GoogleMVTextDetectorResources.bundle",
			);
			runOnlyForDeploymentPostprocessing = 0;
			shellPath = /bin/sh;
			shellScript = "\"${SRCROOT}/Pods/Target Support Files/Pods-card-reader/Pods-card-reader-resources.sh\"\n";
			showEnvVarsInLog = 0;
		};
		BC683B331E39D55574EFE3C7 /* [CP] Embed Pods Frameworks */ = {
			isa = PBXShellScriptBuildPhase;
			buildActionMask = 2147483647;
			files = (
			);
			inputFileListPaths = (
			);
			inputPaths = (
				"${SRCROOT}/Pods/Target Support Files/Pods-card-reader/Pods-card-reader-frameworks.sh",
				"${BUILT_PRODUCTS_DIR}/GTMSessionFetcher/GTMSessionFetcher.framework",
				"${BUILT_PRODUCTS_DIR}/GoogleAPIClientForREST/GoogleAPIClientForREST.framework",
				"${BUILT_PRODUCTS_DIR}/GoogleToolboxForMac/GoogleToolboxForMac.framework",
				"${BUILT_PRODUCTS_DIR}/GoogleUtilities/GoogleUtilities.framework",
				"${BUILT_PRODUCTS_DIR}/Protobuf/Protobuf.framework",
				"${BUILT_PRODUCTS_DIR}/nanopb/nanopb.framework",
			);
			name = "[CP] Embed Pods Frameworks";
			outputFileListPaths = (
			);
			outputPaths = (
				"${TARGET_BUILD_DIR}/${FRAMEWORKS_FOLDER_PATH}/GTMSessionFetcher.framework",
				"${TARGET_BUILD_DIR}/${FRAMEWORKS_FOLDER_PATH}/GoogleAPIClientForREST.framework",
				"${TARGET_BUILD_DIR}/${FRAMEWORKS_FOLDER_PATH}/GoogleToolboxForMac.framework",
				"${TARGET_BUILD_DIR}/${FRAMEWORKS_FOLDER_PATH}/GoogleUtilities.framework",
				"${TARGET_BUILD_DIR}/${FRAMEWORKS_FOLDER_PATH}/Protobuf.framework",
				"${TARGET_BUILD_DIR}/${FRAMEWORKS_FOLDER_PATH}/nanopb.framework",
			);
			runOnlyForDeploymentPostprocessing = 0;
			shellPath = /bin/sh;
			shellScript = "\"${SRCROOT}/Pods/Target Support Files/Pods-card-reader/Pods-card-reader-frameworks.sh\"\n";
			showEnvVarsInLog = 0;
		};
/* End PBXShellScriptBuildPhase section */

/* Begin PBXSourcesBuildPhase section */
		2B5341B32205269100568F33 /* Sources */ = {
			isa = PBXSourcesBuildPhase;
			buildActionMask = 2147483647;
			files = (
				2B5341BD2205269100568F33 /* ViewController.swift in Sources */,
				2B5341BB2205269100568F33 /* AppDelegate.swift in Sources */,
			);
			runOnlyForDeploymentPostprocessing = 0;
		};
/* End PBXSourcesBuildPhase section */

/* Begin PBXVariantGroup section */
		2B5341BE2205269100568F33 /* Main.storyboard */ = {
			isa = PBXVariantGroup;
			children = (
				2B5341BF2205269100568F33 /* Base */,
			);
			name = Main.storyboard;
			sourceTree = "<group>";
		};
		2B5341C32205269600568F33 /* LaunchScreen.storyboard */ = {
			isa = PBXVariantGroup;
			children = (
				2B5341C42205269600568F33 /* Base */,
			);
			name = LaunchScreen.storyboard;
			sourceTree = "<group>";
		};
/* End PBXVariantGroup section */

/* Begin XCBuildConfiguration section */
		2B5341C72205269600568F33 /* Debug */ = {
			isa = XCBuildConfiguration;
			buildSettings = {
				ALWAYS_SEARCH_USER_PATHS = NO;
				CLANG_ANALYZER_NONNULL = YES;
				CLANG_ANALYZER_NUMBER_OBJECT_CONVERSION = YES_AGGRESSIVE;
				CLANG_CXX_LANGUAGE_STANDARD = "gnu++14";
				CLANG_CXX_LIBRARY = "libc++";
				CLANG_ENABLE_MODULES = YES;
				CLANG_ENABLE_OBJC_ARC = YES;
				CLANG_ENABLE_OBJC_WEAK = YES;
				CLANG_WARN_BLOCK_CAPTURE_AUTORELEASING = YES;
				CLANG_WARN_BOOL_CONVERSION = YES;
				CLANG_WARN_COMMA = YES;
				CLANG_WARN_CONSTANT_CONVERSION = YES;
				CLANG_WARN_DEPRECATED_OBJC_IMPLEMENTATIONS = YES;
				CLANG_WARN_DIRECT_OBJC_ISA_USAGE = YES_ERROR;
				CLANG_WARN_DOCUMENTATION_COMMENTS = YES;
				CLANG_WARN_EMPTY_BODY = YES;
				CLANG_WARN_ENUM_CONVERSION = YES;
				CLANG_WARN_INFINITE_RECURSION = YES;
				CLANG_WARN_INT_CONVERSION = YES;
				CLANG_WARN_NON_LITERAL_NULL_CONVERSION = YES;
				CLANG_WARN_OBJC_IMPLICIT_RETAIN_SELF = YES;
				CLANG_WARN_OBJC_LITERAL_CONVERSION = YES;
				CLANG_WARN_OBJC_ROOT_CLASS = YES_ERROR;
				CLANG_WARN_RANGE_LOOP_ANALYSIS = YES;
				CLANG_WARN_STRICT_PROTOTYPES = YES;
				CLANG_WARN_SUSPICIOUS_MOVE = YES;
				CLANG_WARN_UNGUARDED_AVAILABILITY = YES_AGGRESSIVE;
				CLANG_WARN_UNREACHABLE_CODE = YES;
				CLANG_WARN__DUPLICATE_METHOD_MATCH = YES;
				CODE_SIGN_IDENTITY = "iPhone Developer";
				COPY_PHASE_STRIP = NO;
				DEBUG_INFORMATION_FORMAT = dwarf;
				ENABLE_STRICT_OBJC_MSGSEND = YES;
				ENABLE_TESTABILITY = YES;
				GCC_C_LANGUAGE_STANDARD = gnu11;
				GCC_DYNAMIC_NO_PIC = NO;
				GCC_NO_COMMON_BLOCKS = YES;
				GCC_OPTIMIZATION_LEVEL = 0;
				GCC_PREPROCESSOR_DEFINITIONS = (
					"DEBUG=1",
					"$(inherited)",
				);
				GCC_WARN_64_TO_32_BIT_CONVERSION = YES;
				GCC_WARN_ABOUT_RETURN_TYPE = YES_ERROR;
				GCC_WARN_UNDECLARED_SELECTOR = YES;
				GCC_WARN_UNINITIALIZED_AUTOS = YES_AGGRESSIVE;
				GCC_WARN_UNUSED_FUNCTION = YES;
				GCC_WARN_UNUSED_VARIABLE = YES;
				IPHONEOS_DEPLOYMENT_TARGET = 12.1;
				MTL_ENABLE_DEBUG_INFO = INCLUDE_SOURCE;
				MTL_FAST_MATH = YES;
				ONLY_ACTIVE_ARCH = YES;
				SDKROOT = iphoneos;
				SWIFT_ACTIVE_COMPILATION_CONDITIONS = DEBUG;
				SWIFT_OPTIMIZATION_LEVEL = "-Onone";
			};
			name = Debug;
		};
		2B5341C82205269600568F33 /* Release */ = {
			isa = XCBuildConfiguration;
			buildSettings = {
				ALWAYS_SEARCH_USER_PATHS = NO;
				CLANG_ANALYZER_NONNULL = YES;
				CLANG_ANALYZER_NUMBER_OBJECT_CONVERSION = YES_AGGRESSIVE;
				CLANG_CXX_LANGUAGE_STANDARD = "gnu++14";
				CLANG_CXX_LIBRARY = "libc++";
				CLANG_ENABLE_MODULES = YES;
				CLANG_ENABLE_OBJC_ARC = YES;
				CLANG_ENABLE_OBJC_WEAK = YES;
				CLANG_WARN_BLOCK_CAPTURE_AUTORELEASING = YES;
				CLANG_WARN_BOOL_CONVERSION = YES;
				CLANG_WARN_COMMA = YES;
				CLANG_WARN_CONSTANT_CONVERSION = YES;
				CLANG_WARN_DEPRECATED_OBJC_IMPLEMENTATIONS = YES;
				CLANG_WARN_DIRECT_OBJC_ISA_USAGE = YES_ERROR;
				CLANG_WARN_DOCUMENTATION_COMMENTS = YES;
				CLANG_WARN_EMPTY_BODY = YES;
				CLANG_WARN_ENUM_CONVERSION = YES;
				CLANG_WARN_INFINITE_RECURSION = YES;
				CLANG_WARN_INT_CONVERSION = YES;
				CLANG_WARN_NON_LITERAL_NULL_CONVERSION = YES;
				CLANG_WARN_OBJC_IMPLICIT_RETAIN_SELF = YES;
				CLANG_WARN_OBJC_LITERAL_CONVERSION = YES;
				CLANG_WARN_OBJC_ROOT_CLASS = YES_ERROR;
				CLANG_WARN_RANGE_LOOP_ANALYSIS = YES;
				CLANG_WARN_STRICT_PROTOTYPES = YES;
				CLANG_WARN_SUSPICIOUS_MOVE = YES;
				CLANG_WARN_UNGUARDED_AVAILABILITY = YES_AGGRESSIVE;
				CLANG_WARN_UNREACHABLE_CODE = YES;
				CLANG_WARN__DUPLICATE_METHOD_MATCH = YES;
				CODE_SIGN_IDENTITY = "iPhone Developer";
				COPY_PHASE_STRIP = NO;
				DEBUG_INFORMATION_FORMAT = "dwarf-with-dsym";
				ENABLE_NS_ASSERTIONS = NO;
				ENABLE_STRICT_OBJC_MSGSEND = YES;
				GCC_C_LANGUAGE_STANDARD = gnu11;
				GCC_NO_COMMON_BLOCKS = YES;
				GCC_WARN_64_TO_32_BIT_CONVERSION = YES;
				GCC_WARN_ABOUT_RETURN_TYPE = YES_ERROR;
				GCC_WARN_UNDECLARED_SELECTOR = YES;
				GCC_WARN_UNINITIALIZED_AUTOS = YES_AGGRESSIVE;
				GCC_WARN_UNUSED_FUNCTION = YES;
				GCC_WARN_UNUSED_VARIABLE = YES;
				IPHONEOS_DEPLOYMENT_TARGET = 12.1;
				MTL_ENABLE_DEBUG_INFO = NO;
				MTL_FAST_MATH = YES;
				SDKROOT = iphoneos;
				SWIFT_COMPILATION_MODE = wholemodule;
				SWIFT_OPTIMIZATION_LEVEL = "-O";
				VALIDATE_PRODUCT = YES;
			};
			name = Release;
		};
		2B5341CA2205269600568F33 /* Debug */ = {
			isa = XCBuildConfiguration;
			baseConfigurationReference = EADD81B730C4FCEA59D3F43D /* Pods-card-reader.debug.xcconfig */;
			buildSettings = {
				ASSETCATALOG_COMPILER_APPICON_NAME = AppIcon;
				CODE_SIGN_STYLE = Automatic;
				DEVELOPMENT_TEAM = LYJSRZED64;
				INFOPLIST_FILE = "card-reader/Info.plist";
				LD_RUNPATH_SEARCH_PATHS = (
					"$(inherited)",
					"@executable_path/Frameworks",
				);
				PRODUCT_BUNDLE_IDENTIFIER = "com.EdwardLu.card-reader";
				PRODUCT_NAME = "$(TARGET_NAME)";
				SWIFT_VERSION = 4.2;
				TARGETED_DEVICE_FAMILY = "1,2";
			};
			name = Debug;
		};
		2B5341CB2205269600568F33 /* Release */ = {
			isa = XCBuildConfiguration;
			baseConfigurationReference = 73D2DDE0C3B741B55E8756D7 /* Pods-card-reader.release.xcconfig */;
			buildSettings = {
				ASSETCATALOG_COMPILER_APPICON_NAME = AppIcon;
				CODE_SIGN_STYLE = Automatic;
				DEVELOPMENT_TEAM = LYJSRZED64;
				INFOPLIST_FILE = "card-reader/Info.plist";
				LD_RUNPATH_SEARCH_PATHS = (
					"$(inherited)",
					"@executable_path/Frameworks",
				);
				PRODUCT_BUNDLE_IDENTIFIER = "com.EdwardLu.card-reader";
				PRODUCT_NAME = "$(TARGET_NAME)";
				SWIFT_VERSION = 4.2;
				TARGETED_DEVICE_FAMILY = "1,2";
			};
			name = Release;
		};
/* End XCBuildConfiguration section */

/* Begin XCConfigurationList section */
		2B5341B22205269100568F33 /* Build configuration list for PBXProject "card-reader" */ = {
			isa = XCConfigurationList;
			buildConfigurations = (
				2B5341C72205269600568F33 /* Debug */,
				2B5341C82205269600568F33 /* Release */,
			);
			defaultConfigurationIsVisible = 0;
			defaultConfigurationName = Release;
		};
		2B5341C92205269600568F33 /* Build configuration list for PBXNativeTarget "card-reader" */ = {
			isa = XCConfigurationList;
			buildConfigurations = (
				2B5341CA2205269600568F33 /* Debug */,
				2B5341CB2205269600568F33 /* Release */,
			);
			defaultConfigurationIsVisible = 0;
			defaultConfigurationName = Release;
		};
/* End XCConfigurationList section */
	};
	rootObject = 2B5341AF2205269100568F33 /* Project object */;
}
